{
  "name": "cppnew",
  "version": "0.1.6",
  "lockfileVersion": 3,
  "requires": true,
  "packages": {
    "": {
      "name": "cppnew",
      "version": "0.1.6",
      "hasInstallScript": true,
      "bin": {
        "cppnew": "bin/cppnew"
      },
      "engines": {
        "node": ">=18"
      }
    }
  }
}
